
Microsoft Visual Studio Solution File, Format Version 12.00
# Visual Studio Version 17
VisualStudioVersion = 17.4.33205.214
MinimumVisualStudioVersion = 10.0.40219.1
Project("{FAE04EC0-301F-11D3-BF4B-00C04F79EFBC}") = "AppLogin.Android", "AppLogin.Android\AppLogin.Android.csproj", "{2583A974-F650-48E3-91CE-18F192D3EADB}"
EndProject
Project("{FAE04EC0-301F-11D3-BF4B-00C04F79EFBC}") = "AppLogin.iOS", "AppLogin.iOS\AppLogin.iOS.csproj", "{24846FA4-E272-4323-8098-AAB5C84A8D80}"
EndProject
Project("{FAE04EC0-301F-11D3-BF4B-00C04F79EFBC}") = "AppLogin", "AppLogin\AppLogin.csproj", "{730193FF-DE17-41F5-A82C-3D9BB8B71724}"
EndProject
Global
	GlobalSection(SolutionConfigurationPlatforms) = preSolution
		Debug|Any CPU = Debug|Any CPU
		Debug|iPhone = Debug|iPhone
		Debug|iPhoneSimulator = Debug|iPhoneSimulator
		Release|Any CPU = Release|Any CPU
		Release|iPhone = Release|iPhone
		Release|iPhoneSimulator = Release|iPhoneSimulator
	EndGlobalSection
	GlobalSection(ProjectConfigurationPlatforms) = postSolution
		{2583A974-F650-48E3-91CE-18F192D3EADB}.Debug|Any CPU.ActiveCfg = Debug|Any CPU
		{2583A974-F650-48E3-91CE-18F192D3EADB}.Debug|Any CPU.Build.0 = Debug|Any CPU
		{2583A974-F650-48E3-91CE-18F192D3EADB}.Debug|Any CPU.Deploy.0 = Debug|Any CPU
		{2583A974-F650-48E3-91CE-18F192D3EADB}.Debug|iPhone.ActiveCfg = Debug|Any CPU
		{2583A974-F650-48E3-91CE-18F192D3EADB}.Debug|iPhone.Build.0 = Debug|Any CPU
		{2583A974-F650-48E3-91CE-18F192D3EADB}.Debug|iPhone.Deploy.0 = Debug|Any CPU
		{2583A974-F650-48E3-91CE-18F192D3EADB}.Debug|iPhoneSimulator.ActiveCfg = Debug|Any CPU
		{2583A974-F650-48E3-91CE-18F192D3EADB}.Debug|iPhoneSimulator.Build.0 = Debug|Any CPU
		{2583A974-F650-48E3-91CE-18F192D3EADB}.Debug|iPhoneSimulator.Deploy.0 = Debug|Any CPU
		{2583A974-F650-48E3-91CE-18F192D3EADB}.Release|Any CPU.ActiveCfg = Release|Any CPU
		{2583A974-F650-48E3-91CE-18F192D3EADB}.Release|Any CPU.Build.0 = Release|Any CPU
		{2583A974-F650-48E3-91CE-18F192D3EADB}.Release|Any CPU.Deploy.0 = Release|Any CPU
		{2583A974-F650-48E3-91CE-18F192D3EADB}.Release|iPhone.ActiveCfg = Release|Any CPU
		{2583A974-F650-48E3-91CE-18F192D3EADB}.Release|iPhone.Build.0 = Release|Any CPU
		{2583A974-F650-48E3-91CE-18F192D3EADB}.Release|iPhone.Deploy.0 = Release|Any CPU
		{2583A974-F650-48E3-91CE-18F192D3EADB}.Release|iPhoneSimulator.ActiveCfg = Release|Any CPU
		{2583A974-F650-48E3-91CE-18F192D3EADB}.Release|iPhoneSimulator.Build.0 = Release|Any CPU
		{2583A974-F650-48E3-91CE-18F192D3EADB}.Release|iPhoneSimulator.Deploy.0 = Release|Any CPU
		{24846FA4-E272-4323-8098-AAB5C84A8D80}.Debug|Any CPU.ActiveCfg = Debug|iPhone
		{24846FA4-E272-4323-8098-AAB5C84A8D80}.Debug|Any CPU.Build.0 = Debug|iPhone
		{24846FA4-E272-4323-8098-AAB5C84A8D80}.Debug|Any CPU.Deploy.0 = Debug|iPhone
		{24846FA4-E272-4323-8098-AAB5C84A8D80}.Debug|iPhone.ActiveCfg = Debug|iPhone
		{24846FA4-E272-4323-8098-AAB5C84A8D80}.Debug|iPhone.Build.0 = Debug|iPhone
		{24846FA4-E272-4323-8098-AAB5C84A8D80}.Debug|iPhone.Deploy.0 = Debug|iPhone
		{24846FA4-E272-4323-8098-AAB5C84A8D80}.Debug|iPhoneSimulator.ActiveCfg = Debug|iPhoneSimulator
		{24846FA4-E272-4323-8098-AAB5C84A8D80}.Debug|iPhoneSimulator.Build.0 = Debug|iPhoneSimulator
		{24846FA4-E272-4323-8098-AAB5C84A8D80}.Debug|iPhoneSimulator.Deploy.0 = Debug|iPhoneSimulator
		{24846FA4-E272-4323-8098-AAB5C84A8D80}.Release|Any CPU.ActiveCfg = Release|iPhoneSimulator
		{24846FA4-E272-4323-8098-AAB5C84A8D80}.Release|Any CPU.Build.0 = Release|iPhoneSimulator
		{24846FA4-E272-4323-8098-AAB5C84A8D80}.Release|Any CPU.Deploy.0 = Release|iPhoneSimulator
		{24846FA4-E272-4323-8098-AAB5C84A8D80}.Release|iPhone.ActiveCfg = Release|iPhone
		{24846FA4-E272-4323-8098-AAB5C84A8D80}.Release|iPhone.Build.0 = Release|iPhone
		{24846FA4-E272-4323-8098-AAB5C84A8D80}.Release|iPhone.Deploy.0 = Release|iPhone
		{24846FA4-E272-4323-8098-AAB5C84A8D80}.Release|iPhoneSimulator.ActiveCfg = Release|iPhoneSimulator
		{24846FA4-E272-4323-8098-AAB5C84A8D80}.Release|iPhoneSimulator.Build.0 = Release|iPhoneSimulator
		{24846FA4-E272-4323-8098-AAB5C84A8D80}.Release|iPhoneSimulator.Deploy.0 = Release|iPhoneSimulator
		{730193FF-DE17-41F5-A82C-3D9BB8B71724}.Debug|Any CPU.ActiveCfg = Debug|Any CPU
		{730193FF-DE17-41F5-A82C-3D9BB8B71724}.Debug|Any CPU.Build.0 = Debug|Any CPU
		{730193FF-DE17-41F5-A82C-3D9BB8B71724}.Debug|Any CPU.Deploy.0 = Debug|Any CPU
		{730193FF-DE17-41F5-A82C-3D9BB8B71724}.Debug|iPhone.ActiveCfg = Debug|Any CPU
		{730193FF-DE17-41F5-A82C-3D9BB8B71724}.Debug|iPhone.Build.0 = Debug|Any CPU
		{730193FF-DE17-41F5-A82C-3D9BB8B71724}.Debug|iPhone.Deploy.0 = Debug|Any CPU
		{730193FF-DE17-41F5-A82C-3D9BB8B71724}.Debug|iPhoneSimulator.ActiveCfg = Debug|Any CPU
		{730193FF-DE17-41F5-A82C-3D9BB8B71724}.Debug|iPhoneSimulator.Build.0 = Debug|Any CPU
		{730193FF-DE17-41F5-A82C-3D9BB8B71724}.Debug|iPhoneSimulator.Deploy.0 = Debug|Any CPU
		{730193FF-DE17-41F5-A82C-3D9BB8B71724}.Release|Any CPU.ActiveCfg = Release|Any CPU
		{730193FF-DE17-41F5-A82C-3D9BB8B71724}.Release|Any CPU.Build.0 = Release|Any CPU
		{730193FF-DE17-41F5-A82C-3D9BB8B71724}.Release|Any CPU.Deploy.0 = Release|Any CPU
		{730193FF-DE17-41F5-A82C-3D9BB8B71724}.Release|iPhone.ActiveCfg = Release|Any CPU
		{730193FF-DE17-41F5-A82C-3D9BB8B71724}.Release|iPhone.Build.0 = Release|Any CPU
		{730193FF-DE17-41F5-A82C-3D9BB8B71724}.Release|iPhone.Deploy.0 = Release|Any CPU
		{730193FF-DE17-41F5-A82C-3D9BB8B71724}.Release|iPhoneSimulator.ActiveCfg = Release|Any CPU
		{730193FF-DE17-41F5-A82C-3D9BB8B71724}.Release|iPhoneSimulator.Build.0 = Release|Any CPU
		{730193FF-DE17-41F5-A82C-3D9BB8B71724}.Release|iPhoneSimulator.Deploy.0 = Release|Any CPU
	EndGlobalSection
	GlobalSection(SolutionProperties) = preSolution
		HideSolutionNode = FALSE
	EndGlobalSection
	GlobalSection(ExtensibilityGlobals) = postSolution
		SolutionGuid = {CC44CF64-7B5B-4418-9837-6E44866D7051}
	EndGlobalSection
EndGlobal
